PODS:
  - Alamofire (5.6.4)
  - ANDLineChartView (0.2.2)
  - AppAuth (1.6.0):
    - AppAuth/Core (= 1.6.0)
    - AppAuth/ExternalUserAgent (= 1.6.0)
  - AppAuth/Core (1.6.0)
  - AppAuth/ExternalUserAgent (1.6.0):
    - AppAuth/Core
  - Charts (4.1.0):
    - Charts/Core (= 4.1.0)
  - Charts/Core (4.1.0):
    - SwiftAlgorithms (~> 1.0)
  - DropDown (2.3.13)
  - GoogleSignIn (5.0.2):
    - AppAuth (~> 1.2)
    - GTMAppAuth (~> 1.0)
    - GTMSessionFetcher/Core (~> 1.1)
  - GTMAppAuth (1.3.1):
    - AppAuth/Core (~> 1.6)
    - GTMSessionFetcher/Core (< 3.0, >= 1.5)
  - GTMSessionFetcher/Core (1.7.2)
  - IQKeyboardManagerSwift (6.5.11)
  - KUIPopOver (1.2.0)
  - MBCircularProgressBar (0.3.5)
  - Popover (1.3.0)
  - R.swift (6.1.0):
    - R.swift.Library (~> 5.3.0)
  - R.swift.Library (5.3.0)
  - SDWebImage (5.15.5):
    - SDWebImage/Core (= 5.15.5)
  - SDWebImage/Core (5.15.5)
  - SFProgressCircle (1.0.6)
  - STTabbar (0.1.0)
  - SwiftAlgorithms (1.0.0)
  - SwiftColor (1.4.0)
  - VerticalSlidingPresentationController (0.2.0)

DEPENDENCIES:
  - Alamofire
  - ANDLineChartView
  - Charts (~> 4.1.0)
  - DropDown
  - GoogleSignIn
  - IQKeyboardManagerSwift
  - KUIPopOver
  - MBCircularProgressBar
  - Popover
  - R.swift (~> 6.1.0)
  - SDWebImage
  - SFProgressCircle
  - STTabbar
  - SwiftColor
  - VerticalSlidingPresentationController (~> 0.2.0)

SPEC REPOS:
  trunk:
    - Alamofire
    - ANDLineChartView
    - AppAuth
    - Charts
    - DropDown
    - GoogleSignIn
    - GTMAppAuth
    - GTMSessionFetcher
    - IQKeyboardManagerSwift
    - KUIPopOver
    - MBCircularProgressBar
    - Popover
    - R.swift
    - R.swift.Library
    - SDWebImage
    - SFProgressCircle
    - STTabbar
    - SwiftAlgorithms
    - SwiftColor
    - VerticalSlidingPresentationController

SPEC CHECKSUMS:
  Alamofire: 4e95d97098eacb88856099c4fc79b526a299e48c
  ANDLineChartView: fc9b4685a444eeb16ea373691962dc71e60dccd1
  AppAuth: 8fca6b5563a5baef2c04bee27538025e4ceb2add
  Charts: 354f86803d11d9c35de280587fef50d1af063978
  DropDown: 8a2116376c1981888557f72ec2ffc9a5e0e456ec
  GoogleSignIn: 7137d297ddc022a7e0aa4619c86d72c909fa7213
  GTMAppAuth: 0ff230db599948a9ad7470ca667337803b3fc4dd
  GTMSessionFetcher: 5595ec75acf5be50814f81e9189490412bad82ba
  IQKeyboardManagerSwift: c7955c0bdbf7b2eb29bb7daaa44e3d90f55a9a85
  KUIPopOver: 71644b6a9219a1d175aba44e06d02f1b70aa4b77
  MBCircularProgressBar: 0b795b722a5eb5b0923822f90474e2576a1a7855
  Popover: 10e1d9528f81d9504df984b7b3f491292bc1822d
  R.swift: ec98ff71c4ab2f6fd01dd077e5afd15e63a4834c
  R.swift.Library: 0fc583cb55a99e28901299cc451614cad1161962
  SDWebImage: fd7e1a22f00303e058058278639bf6196ee431fe
  SFProgressCircle: 645d71eb3ffc56939029afa074b5a38ed3cdfa21
  STTabbar: fe93da755010233b348b2d0147c43bb1bef290fa
  SwiftAlgorithms: 38dda4731d19027fdeee1125f973111bf3386b53
  SwiftColor: 2b0fd15257981f23265f9939f311098159fe6d1c
  VerticalSlidingPresentationController: 51beed52d55183c863a1fae9bfc0254de3d56fb2

PODFILE CHECKSUM: 84e84285723de679fd9b6070e121b962bd9f381b

COCOAPODS: 1.12.0
