PODS:
  - Alamofire (4.9.1)
  - R.swift (6.1.0):
    - R.swift.Library (~> 5.3.0)
  - R.swift.Library (5.3.0)
  - SDWebImage (5.13.5):
    - SDWebImage/Core (= 5.13.5)
  - SDWebImage/Core (5.13.5)

DEPENDENCIES:
  - Alamofire (= 4.9.1)
  - R.swift (~> 6.1.0)
  - SDWebImage (~> 5.13.0)

SPEC REPOS:
  trunk:
    - Alamofire
    - R.swift
    - R.swift.Library
    - SDWebImage

SPEC CHECKSUMS:
  Alamofire: 85e8a02c69d6020a0d734f6054870d7ecb75cf18
  R.swift: ec98ff71c4ab2f6fd01dd077e5afd15e63a4834c
  R.swift.Library: 0fc583cb55a99e28901299cc451614cad1161962
  SDWebImage: 23d714cd599354ee7906dbae26dff89b421c4370

PODFILE CHECKSUM: ffb3edf38711dd6e9b3f8d777049bfb07b78dfc8

COCOAPODS: 1.11.3
