// !$*UTF8*$!
{
	archiveVersion = 1;
	classes = {
	};
	objectVersion = 55;
	objects = {

/* Begin PBXBuildFile section */
		3F46CC5D298D069500BAA945 /* Introduce3ViewController.swift in Sources */ = {isa = PBXBuildFile; fileRef = 3F46CC5C298D069500BAA945 /* Introduce3ViewController.swift */; };
		3F46CC5F298D0ABE00BAA945 /* Introduce4ViewController.swift in Sources */ = {isa = PBXBuildFile; fileRef = 3F46CC5E298D0ABE00BAA945 /* Introduce4ViewController.swift */; };
		3F46CC61298D0ADD00BAA945 /* Introduce4ViewController.storyboard in Resources */ = {isa = PBXBuildFile; fileRef = 3F46CC60298D0ADD00BAA945 /* Introduce4ViewController.storyboard */; };
		3F46CC672991475400BAA945 /* SignInViewController.swift in Sources */ = {isa = PBXBuildFile; fileRef = 3F46CC662991475400BAA945 /* SignInViewController.swift */; };
		3F46CC692991477900BAA945 /* SignInViewController.storyboard in Resources */ = {isa = PBXBuildFile; fileRef = 3F46CC682991477900BAA945 /* SignInViewController.storyboard */; };
		3F5B2958299E15AD0000A996 /* FacebookCore in Frameworks */ = {isa = PBXBuildFile; productRef = 3F5B2957299E15AD0000A996 /* FacebookCore */; };
		3F5B295A299E15AD0000A996 /* FacebookGamingServices in Frameworks */ = {isa = PBXBuildFile; productRef = 3F5B2959299E15AD0000A996 /* FacebookGamingServices */; };
		3F5B295C299E15AD0000A996 /* FacebookLogin in Frameworks */ = {isa = PBXBuildFile; productRef = 3F5B295B299E15AD0000A996 /* FacebookLogin */; };
		3F5B295E299E15AD0000A996 /* FacebookShare in Frameworks */ = {isa = PBXBuildFile; productRef = 3F5B295D299E15AD0000A996 /* FacebookShare */; };
		3F76B1B32987AD5B00E963F3 /* AppDelegate.swift in Sources */ = {isa = PBXBuildFile; fileRef = 3F76B1B22987AD5B00E963F3 /* AppDelegate.swift */; };
		3F76B1B52987AD5B00E963F3 /* SceneDelegate.swift in Sources */ = {isa = PBXBuildFile; fileRef = 3F76B1B42987AD5B00E963F3 /* SceneDelegate.swift */; };
		3F76B1BA2987AD5B00E963F3 /* Main.storyboard in Resources */ = {isa = PBXBuildFile; fileRef = 3F76B1B82987AD5B00E963F3 /* Main.storyboard */; };
		3F76B1BC2987AD5D00E963F3 /* Assets.xcassets in Resources */ = {isa = PBXBuildFile; fileRef = 3F76B1BB2987AD5D00E963F3 /* Assets.xcassets */; };
		3F76B1BF2987AD5D00E963F3 /* LaunchScreen.storyboard in Resources */ = {isa = PBXBuildFile; fileRef = 3F76B1BD2987AD5D00E963F3 /* LaunchScreen.storyboard */; };
		3F76B1D02987AF0700E963F3 /* StartViewController.swift in Sources */ = {isa = PBXBuildFile; fileRef = 3F76B1CF2987AF0700E963F3 /* StartViewController.swift */; };
		3F76B1D22987BCC700E963F3 /* Introduce1ViewController.swift in Sources */ = {isa = PBXBuildFile; fileRef = 3F76B1D12987BCC700E963F3 /* Introduce1ViewController.swift */; };
		3F76B1D42987BCE300E963F3 /* Introduce1ViewController.storyboard in Resources */ = {isa = PBXBuildFile; fileRef = 3F76B1D32987BCE300E963F3 /* Introduce1ViewController.storyboard */; };
		3F77449E29933BB900DC3181 /* SignUpViewController.storyboard in Resources */ = {isa = PBXBuildFile; fileRef = 3F77449D29933BB900DC3181 /* SignUpViewController.storyboard */; };
		3F7744A029933BCE00DC3181 /* SignUpViewController.swift in Sources */ = {isa = PBXBuildFile; fileRef = 3F77449F29933BCE00DC3181 /* SignUpViewController.swift */; };
		3F7744A429935AEB00DC3181 /* ForgotPassword1Storyboard.storyboard in Resources */ = {isa = PBXBuildFile; fileRef = 3F7744A329935AEB00DC3181 /* ForgotPassword1Storyboard.storyboard */; };
		3F7744A629935B0100DC3181 /* ForgotPassword1ViewController.swift in Sources */ = {isa = PBXBuildFile; fileRef = 3F7744A529935B0100DC3181 /* ForgotPassword1ViewController.swift */; };
		3F7744A82993754400DC3181 /* ForgotPassword2ViewController.swift in Sources */ = {isa = PBXBuildFile; fileRef = 3F7744A72993754400DC3181 /* ForgotPassword2ViewController.swift */; };
		3F7744AA2993755500DC3181 /* ForgotPassword2Storyboard.storyboard in Resources */ = {isa = PBXBuildFile; fileRef = 3F7744A92993755500DC3181 /* ForgotPassword2Storyboard.storyboard */; };
		3F7744C02993803800DC3181 /* SVN-Gilroy Thin Italic.otf in Resources */ = {isa = PBXBuildFile; fileRef = 3F7744AC2993803800DC3181 /* SVN-Gilroy Thin Italic.otf */; };
		3F7744C12993803800DC3181 /* SVN-Gilroy Light Italic.otf in Resources */ = {isa = PBXBuildFile; fileRef = 3F7744AD2993803800DC3181 /* SVN-Gilroy Light Italic.otf */; };
		3F7744C22993803800DC3181 /* SVN-Gilroy XBold.otf in Resources */ = {isa = PBXBuildFile; fileRef = 3F7744AE2993803800DC3181 /* SVN-Gilroy XBold.otf */; };
		3F7744C32993803800DC3181 /* SVN-Gilroy Bold.otf in Resources */ = {isa = PBXBuildFile; fileRef = 3F7744AF2993803800DC3181 /* SVN-Gilroy Bold.otf */; };
		3F7744C42993803800DC3181 /* SVN-Gilroy Bold Italic.otf in Resources */ = {isa = PBXBuildFile; fileRef = 3F7744B02993803800DC3181 /* SVN-Gilroy Bold Italic.otf */; };
		3F7744C52993803800DC3181 /* SVN-Gilroy Heavy Italic.otf in Resources */ = {isa = PBXBuildFile; fileRef = 3F7744B12993803800DC3181 /* SVN-Gilroy Heavy Italic.otf */; };
		3F7744C62993803800DC3181 /* SVN-Gilroy Black.otf in Resources */ = {isa = PBXBuildFile; fileRef = 3F7744B22993803800DC3181 /* SVN-Gilroy Black.otf */; };
		3F7744C72993803800DC3181 /* SVN-Gilroy Medium.otf in Resources */ = {isa = PBXBuildFile; fileRef = 3F7744B32993803800DC3181 /* SVN-Gilroy Medium.otf */; };
		3F7744C82993803800DC3181 /* SVN-Gilroy Xlight.otf in Resources */ = {isa = PBXBuildFile; fileRef = 3F7744B42993803800DC3181 /* SVN-Gilroy Xlight.otf */; };
		3F7744C92993803800DC3181 /* SVN-Gilroy Thin.otf in Resources */ = {isa = PBXBuildFile; fileRef = 3F7744B52993803800DC3181 /* SVN-Gilroy Thin.otf */; };
		3F7744CA2993803800DC3181 /* SVN-Gilroy Italic.otf in Resources */ = {isa = PBXBuildFile; fileRef = 3F7744B62993803800DC3181 /* SVN-Gilroy Italic.otf */; };
		3F7744CB2993803800DC3181 /* SVN-Gilroy SemiBold Italic.otf in Resources */ = {isa = PBXBuildFile; fileRef = 3F7744B72993803800DC3181 /* SVN-Gilroy SemiBold Italic.otf */; };
		3F7744CC2993803800DC3181 /* SVN-Gilroy Medium Italic.otf in Resources */ = {isa = PBXBuildFile; fileRef = 3F7744B82993803800DC3181 /* SVN-Gilroy Medium Italic.otf */; };
		3F7744CD2993803800DC3181 /* SVN-Gilroy XBold Italic.otf in Resources */ = {isa = PBXBuildFile; fileRef = 3F7744B92993803800DC3181 /* SVN-Gilroy XBold Italic.otf */; };
		3F7744CE2993803800DC3181 /* SVN-Gilroy Light.otf in Resources */ = {isa = PBXBuildFile; fileRef = 3F7744BA2993803800DC3181 /* SVN-Gilroy Light.otf */; };
		3F7744CF2993803800DC3181 /* SVN-Gilroy Black Italic.otf in Resources */ = {isa = PBXBuildFile; fileRef = 3F7744BB2993803800DC3181 /* SVN-Gilroy Black Italic.otf */; };
		3F7744D02993803800DC3181 /* SVN-Gilroy SemiBold.otf in Resources */ = {isa = PBXBuildFile; fileRef = 3F7744BC2993803800DC3181 /* SVN-Gilroy SemiBold.otf */; };
		3F7744D12993803800DC3181 /* SVN-Gilroy Heavy.otf in Resources */ = {isa = PBXBuildFile; fileRef = 3F7744BD2993803800DC3181 /* SVN-Gilroy Heavy.otf */; };
		3F7744D22993803800DC3181 /* SVN-Gilroy Regular.otf in Resources */ = {isa = PBXBuildFile; fileRef = 3F7744BE2993803800DC3181 /* SVN-Gilroy Regular.otf */; };
		3F7744D32993803800DC3181 /* SVN-Gilroy Xlight Italic.otf in Resources */ = {isa = PBXBuildFile; fileRef = 3F7744BF2993803800DC3181 /* SVN-Gilroy Xlight Italic.otf */; };
		3F7744D52993894C00DC3181 /* TutorialViewController.storyboard in Resources */ = {isa = PBXBuildFile; fileRef = 3F7744D42993894C00DC3181 /* TutorialViewController.storyboard */; };
		3F7744D7299389C000DC3181 /* TutorialViewController.swift in Sources */ = {isa = PBXBuildFile; fileRef = 3F7744D6299389C000DC3181 /* TutorialViewController.swift */; };
		3FBE1314298CE09800DA0374 /* Introduce2ViewController.storyboard in Resources */ = {isa = PBXBuildFile; fileRef = 3FBE1313298CE09800DA0374 /* Introduce2ViewController.storyboard */; };
		3FBE1316298CE0FC00DA0374 /* Introduce2ViewController.swift in Sources */ = {isa = PBXBuildFile; fileRef = 3FBE1315298CE0FC00DA0374 /* Introduce2ViewController.swift */; };
		3FBE1318298CE32800DA0374 /* Introduce3ViewController.storyboard in Resources */ = {isa = PBXBuildFile; fileRef = 3FBE1317298CE32800DA0374 /* Introduce3ViewController.storyboard */; };
		3FC5EC7029B07DD300B62B57 /* TabBarViewController.storyboard in Resources */ = {isa = PBXBuildFile; fileRef = 3FC5EC6F29B07DD300B62B57 /* TabBarViewController.storyboard */; };
		3FC5EC7529B0827600B62B57 /* ProfileViewController.swift in Sources */ = {isa = PBXBuildFile; fileRef = 3FC5EC7429B0827600B62B57 /* ProfileViewController.swift */; };
		3FC5EC7729B0828900B62B57 /* ProfileViewController.storyboard in Resources */ = {isa = PBXBuildFile; fileRef = 3FC5EC7629B0828900B62B57 /* ProfileViewController.storyboard */; };
		3FC5EC7929B082A100B62B57 /* HistoryViewController.swift in Sources */ = {isa = PBXBuildFile; fileRef = 3FC5EC7829B082A100B62B57 /* HistoryViewController.swift */; };
		3FC5EC7B29B082B400B62B57 /* HistoryViewController.storyboard in Resources */ = {isa = PBXBuildFile; fileRef = 3FC5EC7A29B082B400B62B57 /* HistoryViewController.storyboard */; };
		3FC5EC7D29B082C300B62B57 /* UploadViewController.swift in Sources */ = {isa = PBXBuildFile; fileRef = 3FC5EC7C29B082C300B62B57 /* UploadViewController.swift */; };
		3FC5EC7F29B082DA00B62B57 /* UploadViewController.storyboard in Resources */ = {isa = PBXBuildFile; fileRef = 3FC5EC7E29B082DA00B62B57 /* UploadViewController.storyboard */; };
		3FC5EC8129B0985B00B62B57 /* SearchViewController.storyboard in Resources */ = {isa = PBXBuildFile; fileRef = 3FC5EC8029B0985B00B62B57 /* SearchViewController.storyboard */; };
		3FFFAED8299F75BA007E4443 /* RulesViewController.swift in Sources */ = {isa = PBXBuildFile; fileRef = 3FFFAED7299F75BA007E4443 /* RulesViewController.swift */; };
		3FFFAEDA299F75CA007E4443 /* RulesViewController.storyboard in Resources */ = {isa = PBXBuildFile; fileRef = 3FFFAED9299F75CA007E4443 /* RulesViewController.storyboard */; };
		3FFFAEDE29ADE78E007E4443 /* HomeViewController.swift in Sources */ = {isa = PBXBuildFile; fileRef = 3FFFAEDD29ADE78E007E4443 /* HomeViewController.swift */; };
		3FFFAEE029ADE7A3007E4443 /* HomeViewController.storyboard in Resources */ = {isa = PBXBuildFile; fileRef = 3FFFAEDF29ADE7A3007E4443 /* HomeViewController.storyboard */; };
		3FFFAEE529ADFA0C007E4443 /* TabBarViewController.swift in Sources */ = {isa = PBXBuildFile; fileRef = 3FFFAEE429ADFA0C007E4443 /* TabBarViewController.swift */; };
		8C20F79629C4757500C62D89 /* SubjectListViewController.swift in Sources */ = {isa = PBXBuildFile; fileRef = 8C20F79529C4757500C62D89 /* SubjectListViewController.swift */; };
		8C20F79829C475BD00C62D89 /* SubjectListViewController.storyboard in Resources */ = {isa = PBXBuildFile; fileRef = 8C20F79729C475BD00C62D89 /* SubjectListViewController.storyboard */; };
		8C20F79B29C8B67B00C62D89 /* SubjectCell.swift in Sources */ = {isa = PBXBuildFile; fileRef = 8C20F79929C8B67B00C62D89 /* SubjectCell.swift */; };
		8C20F79C29C8B67B00C62D89 /* SubjectCell.xib in Resources */ = {isa = PBXBuildFile; fileRef = 8C20F79A29C8B67B00C62D89 /* SubjectCell.xib */; };
		8C20F79E29C8D1F400C62D89 /* SubjectModel.swift in Sources */ = {isa = PBXBuildFile; fileRef = 8C20F79D29C8D1F400C62D89 /* SubjectModel.swift */; };
		8C20F7A529C988DE00C62D89 /* headerView.swift in Sources */ = {isa = PBXBuildFile; fileRef = 8C20F7A329C988DE00C62D89 /* headerView.swift */; };
		8C20F7AC29C9AB5900C62D89 /* TestListViewController.swift in Sources */ = {isa = PBXBuildFile; fileRef = 8C20F7AA29C9AB5900C62D89 /* TestListViewController.swift */; };
		8C20F7B129C9ABA500C62D89 /* TestListViewController.storyboard in Resources */ = {isa = PBXBuildFile; fileRef = 8C20F7B029C9ABA500C62D89 /* TestListViewController.storyboard */; };
		8C20F7B429C9B07F00C62D89 /* testCell.swift in Sources */ = {isa = PBXBuildFile; fileRef = 8C20F7B229C9B07F00C62D89 /* testCell.swift */; };
		8C20F7B529C9B07F00C62D89 /* testCell.xib in Resources */ = {isa = PBXBuildFile; fileRef = 8C20F7B329C9B07F00C62D89 /* testCell.xib */; };
		8C20F7B729C9BBF700C62D89 /* TestModel.swift in Sources */ = {isa = PBXBuildFile; fileRef = 8C20F7B629C9BBF700C62D89 /* TestModel.swift */; };
		8C20F7BD29CA992600C62D89 /* StartTestViewController.swift in Sources */ = {isa = PBXBuildFile; fileRef = 8C20F7BC29CA992600C62D89 /* StartTestViewController.swift */; };
		8C20F7BF29CA993D00C62D89 /* StartTestViewController.storyboard in Resources */ = {isa = PBXBuildFile; fileRef = 8C20F7BE29CA993D00C62D89 /* StartTestViewController.storyboard */; };
		8C20F7C229CAAFAC00C62D89 /* TestDetailViewController.swift in Sources */ = {isa = PBXBuildFile; fileRef = 8C20F7C129CAAFAC00C62D89 /* TestDetailViewController.swift */; };
		8C20F7C429CAAFC200C62D89 /* TestDetailViewController.storyboard in Resources */ = {isa = PBXBuildFile; fileRef = 8C20F7C329CAAFC200C62D89 /* TestDetailViewController.storyboard */; };
		8C20F7C729D0949500C62D89 /* QuestionCollectionCell.swift in Sources */ = {isa = PBXBuildFile; fileRef = 8C20F7C529D0949500C62D89 /* QuestionCollectionCell.swift */; };
		8C20F7C829D0949500C62D89 /* QuestionCollectionCell.xib in Resources */ = {isa = PBXBuildFile; fileRef = 8C20F7C629D0949500C62D89 /* QuestionCollectionCell.xib */; };
		8C20F7CA29D0C1AC00C62D89 /* PopUpViewController.swift in Sources */ = {isa = PBXBuildFile; fileRef = 8C20F7C929D0C1AC00C62D89 /* PopUpViewController.swift */; };
		8C20F7D129D146F300C62D89 /* PopUpViewController.storyboard in Resources */ = {isa = PBXBuildFile; fileRef = 8C20F7D029D146F300C62D89 /* PopUpViewController.storyboard */; };
		8C20F7D429D150CA00C62D89 /* CheckViewController.swift in Sources */ = {isa = PBXBuildFile; fileRef = 8C20F7D329D150CA00C62D89 /* CheckViewController.swift */; };
		8C20F7D629D150E300C62D89 /* CheckViewController.storyboard in Resources */ = {isa = PBXBuildFile; fileRef = 8C20F7D529D150E300C62D89 /* CheckViewController.storyboard */; };
		8C75012129BF192A00AB20BF /* HomeHeaderTableViewCell.swift in Sources */ = {isa = PBXBuildFile; fileRef = 8C75011F29BF192A00AB20BF /* HomeHeaderTableViewCell.swift */; };
		8C75012229BF192A00AB20BF /* HomeHeaderTableViewCell.xib in Resources */ = {isa = PBXBuildFile; fileRef = 8C75012029BF192A00AB20BF /* HomeHeaderTableViewCell.xib */; };
		8C80BF5629C2F7CC00C59FC4 /* ScienceFieldCell.swift in Sources */ = {isa = PBXBuildFile; fileRef = 8C80BF5429C2F7CC00C59FC4 /* ScienceFieldCell.swift */; };
		8C80BF5729C2F7CC00C59FC4 /* ScienceFieldCell.xib in Resources */ = {isa = PBXBuildFile; fileRef = 8C80BF5529C2F7CC00C59FC4 /* ScienceFieldCell.xib */; };
		8C80BF5929C2FC5600C59FC4 /* ScienceFieldModel.swift in Sources */ = {isa = PBXBuildFile; fileRef = 8C80BF5829C2FC5600C59FC4 /* ScienceFieldModel.swift */; };
		8C80BF6329C37FEB00C59FC4 /* SearchViewController.swift in Sources */ = {isa = PBXBuildFile; fileRef = 8C80BF6229C37FEB00C59FC4 /* SearchViewController.swift */; };
		8C80BF6A29C40E4B00C59FC4 /* ItemCollectionViewCell.swift in Sources */ = {isa = PBXBuildFile; fileRef = 8C80BF6829C40E4B00C59FC4 /* ItemCollectionViewCell.swift */; };
		8C80BF6B29C40E4B00C59FC4 /* ItemCollectionViewCell.xib in Resources */ = {isa = PBXBuildFile; fileRef = 8C80BF6929C40E4B00C59FC4 /* ItemCollectionViewCell.xib */; };
		8C80BF6D29C411E000C59FC4 /* Item.swift in Sources */ = {isa = PBXBuildFile; fileRef = 8C80BF6C29C411E000C59FC4 /* Item.swift */; };
		8C80BF7A29C4511A00C59FC4 /* HeaderCollectionReusableView.swift in Sources */ = {isa = PBXBuildFile; fileRef = 8C80BF7829C4511A00C59FC4 /* HeaderCollectionReusableView.swift */; };
		8C80BF7B29C4511A00C59FC4 /* HeaderCollectionReusableView.xib in Resources */ = {isa = PBXBuildFile; fileRef = 8C80BF7929C4511A00C59FC4 /* HeaderCollectionReusableView.xib */; };
		BFE44971D2310D4973C4E814 /* Pods_QuizApp.framework in Frameworks */ = {isa = PBXBuildFile; fileRef = 992C74ED962C05BAD7B6927E /* Pods_QuizApp.framework */; };
/* End PBXBuildFile section */

/* Begin PBXCopyFilesBuildPhase section */
		3FC166A9299398200083792C /* Embed Frameworks */ = {
			isa = PBXCopyFilesBuildPhase;
			buildActionMask = 2147483647;
			dstPath = "";
			dstSubfolderSpec = 10;
			files = (
			);
			name = "Embed Frameworks";
			runOnlyForDeploymentPostprocessing = 0;
		};
/* End PBXCopyFilesBuildPhase section */

/* Begin PBXFileReference section */
		1545E88396C63B9D12B13CE8 /* Pods-QuizApp.release.xcconfig */ = {isa = PBXFileReference; includeInIndex = 1; lastKnownFileType = text.xcconfig; name = "Pods-QuizApp.release.xcconfig"; path = "Target Support Files/Pods-QuizApp/Pods-QuizApp.release.xcconfig"; sourceTree = "<group>"; };
		39DBFA672E7A037A02564605 /* Pods-QuizApp.debug.xcconfig */ = {isa = PBXFileReference; includeInIndex = 1; lastKnownFileType = text.xcconfig; name = "Pods-QuizApp.debug.xcconfig"; path = "Target Support Files/Pods-QuizApp/Pods-QuizApp.debug.xcconfig"; sourceTree = "<group>"; };
		3F46CC5C298D069500BAA945 /* Introduce3ViewController.swift */ = {isa = PBXFileReference; lastKnownFileType = sourcecode.swift; path = Introduce3ViewController.swift; sourceTree = "<group>"; };
		3F46CC5E298D0ABE00BAA945 /* Introduce4ViewController.swift */ = {isa = PBXFileReference; lastKnownFileType = sourcecode.swift; path = Introduce4ViewController.swift; sourceTree = "<group>"; };
		3F46CC60298D0ADD00BAA945 /* Introduce4ViewController.storyboard */ = {isa = PBXFileReference; lastKnownFileType = file.storyboard; path = Introduce4ViewController.storyboard; sourceTree = "<group>"; };
		3F46CC662991475400BAA945 /* SignInViewController.swift */ = {isa = PBXFileReference; lastKnownFileType = sourcecode.swift; path = SignInViewController.swift; sourceTree = "<group>"; };
		3F46CC682991477900BAA945 /* SignInViewController.storyboard */ = {isa = PBXFileReference; lastKnownFileType = file.storyboard; path = SignInViewController.storyboard; sourceTree = "<group>"; };
		3F5B295F299E185C0000A996 /* QuizApp.entitlements */ = {isa = PBXFileReference; lastKnownFileType = text.plist.entitlements; path = QuizApp.entitlements; sourceTree = "<group>"; };
		3F76B1AF2987AD5B00E963F3 /* QuizApp.app */ = {isa = PBXFileReference; explicitFileType = wrapper.application; includeInIndex = 0; path = QuizApp.app; sourceTree = BUILT_PRODUCTS_DIR; };
		3F76B1B22987AD5B00E963F3 /* AppDelegate.swift */ = {isa = PBXFileReference; lastKnownFileType = sourcecode.swift; path = AppDelegate.swift; sourceTree = "<group>"; };
		3F76B1B42987AD5B00E963F3 /* SceneDelegate.swift */ = {isa = PBXFileReference; lastKnownFileType = sourcecode.swift; path = SceneDelegate.swift; sourceTree = "<group>"; };
		3F76B1B92987AD5B00E963F3 /* Base */ = {isa = PBXFileReference; lastKnownFileType = file.storyboard; name = Base; path = Base.lproj/Main.storyboard; sourceTree = "<group>"; };
		3F76B1BB2987AD5D00E963F3 /* Assets.xcassets */ = {isa = PBXFileReference; lastKnownFileType = folder.assetcatalog; path = Assets.xcassets; sourceTree = "<group>"; };
		3F76B1BE2987AD5D00E963F3 /* Base */ = {isa = PBXFileReference; lastKnownFileType = file.storyboard; name = Base; path = Base.lproj/LaunchScreen.storyboard; sourceTree = "<group>"; };
		3F76B1C02987AD5D00E963F3 /* Info.plist */ = {isa = PBXFileReference; lastKnownFileType = text.plist.xml; path = Info.plist; sourceTree = "<group>"; };
		3F76B1CF2987AF0700E963F3 /* StartViewController.swift */ = {isa = PBXFileReference; lastKnownFileType = sourcecode.swift; path = StartViewController.swift; sourceTree = "<group>"; };
		3F76B1D12987BCC700E963F3 /* Introduce1ViewController.swift */ = {isa = PBXFileReference; lastKnownFileType = sourcecode.swift; path = Introduce1ViewController.swift; sourceTree = "<group>"; };
		3F76B1D32987BCE300E963F3 /* Introduce1ViewController.storyboard */ = {isa = PBXFileReference; lastKnownFileType = file.storyboard; path = Introduce1ViewController.storyboard; sourceTree = "<group>"; };
		3F77449D29933BB900DC3181 /* SignUpViewController.storyboard */ = {isa = PBXFileReference; lastKnownFileType = file.storyboard; path = SignUpViewController.storyboard; sourceTree = "<group>"; };
		3F77449F29933BCE00DC3181 /* SignUpViewController.swift */ = {isa = PBXFileReference; lastKnownFileType = sourcecode.swift; path = SignUpViewController.swift; sourceTree = "<group>"; };
		3F7744A329935AEB00DC3181 /* ForgotPassword1Storyboard.storyboard */ = {isa = PBXFileReference; lastKnownFileType = file.storyboard; path = ForgotPassword1Storyboard.storyboard; sourceTree = "<group>"; };
		3F7744A529935B0100DC3181 /* ForgotPassword1ViewController.swift */ = {isa = PBXFileReference; lastKnownFileType = sourcecode.swift; path = ForgotPassword1ViewController.swift; sourceTree = "<group>"; };
		3F7744A72993754400DC3181 /* ForgotPassword2ViewController.swift */ = {isa = PBXFileReference; lastKnownFileType = sourcecode.swift; path = ForgotPassword2ViewController.swift; sourceTree = "<group>"; };
		3F7744A92993755500DC3181 /* ForgotPassword2Storyboard.storyboard */ = {isa = PBXFileReference; lastKnownFileType = file.storyboard; path = ForgotPassword2Storyboard.storyboard; sourceTree = "<group>"; };
		3F7744AC2993803800DC3181 /* SVN-Gilroy Thin Italic.otf */ = {isa = PBXFileReference; lastKnownFileType = file; path = "SVN-Gilroy Thin Italic.otf"; sourceTree = "<group>"; };
		3F7744AD2993803800DC3181 /* SVN-Gilroy Light Italic.otf */ = {isa = PBXFileReference; lastKnownFileType = file; path = "SVN-Gilroy Light Italic.otf"; sourceTree = "<group>"; };
		3F7744AE2993803800DC3181 /* SVN-Gilroy XBold.otf */ = {isa = PBXFileReference; lastKnownFileType = file; path = "SVN-Gilroy XBold.otf"; sourceTree = "<group>"; };
		3F7744AF2993803800DC3181 /* SVN-Gilroy Bold.otf */ = {isa = PBXFileReference; lastKnownFileType = file; path = "SVN-Gilroy Bold.otf"; sourceTree = "<group>"; };
		3F7744B02993803800DC3181 /* SVN-Gilroy Bold Italic.otf */ = {isa = PBXFileReference; lastKnownFileType = file; path = "SVN-Gilroy Bold Italic.otf"; sourceTree = "<group>"; };
		3F7744B12993803800DC3181 /* SVN-Gilroy Heavy Italic.otf */ = {isa = PBXFileReference; lastKnownFileType = file; path = "SVN-Gilroy Heavy Italic.otf"; sourceTree = "<group>"; };
		3F7744B22993803800DC3181 /* SVN-Gilroy Black.otf */ = {isa = PBXFileReference; lastKnownFileType = file; path = "SVN-Gilroy Black.otf"; sourceTree = "<group>"; };
		3F7744B32993803800DC3181 /* SVN-Gilroy Medium.otf */ = {isa = PBXFileReference; lastKnownFileType = file; path = "SVN-Gilroy Medium.otf"; sourceTree = "<group>"; };
		3F7744B42993803800DC3181 /* SVN-Gilroy Xlight.otf */ = {isa = PBXFileReference; lastKnownFileType = file; path = "SVN-Gilroy Xlight.otf"; sourceTree = "<group>"; };
		3F7744B52993803800DC3181 /* SVN-Gilroy Thin.otf */ = {isa = PBXFileReference; lastKnownFileType = file; path = "SVN-Gilroy Thin.otf"; sourceTree = "<group>"; };
		3F7744B62993803800DC3181 /* SVN-Gilroy Italic.otf */ = {isa = PBXFileReference; lastKnownFileType = file; path = "SVN-Gilroy Italic.otf"; sourceTree = "<group>"; };
		3F7744B72993803800DC3181 /* SVN-Gilroy SemiBold Italic.otf */ = {isa = PBXFileReference; lastKnownFileType = file; path = "SVN-Gilroy SemiBold Italic.otf"; sourceTree = "<group>"; };
		3F7744B82993803800DC3181 /* SVN-Gilroy Medium Italic.otf */ = {isa = PBXFileReference; lastKnownFileType = file; path = "SVN-Gilroy Medium Italic.otf"; sourceTree = "<group>"; };
		3F7744B92993803800DC3181 /* SVN-Gilroy XBold Italic.otf */ = {isa = PBXFileReference; lastKnownFileType = file; path = "SVN-Gilroy XBold Italic.otf"; sourceTree = "<group>"; };
		3F7744BA2993803800DC3181 /* SVN-Gilroy Light.otf */ = {isa = PBXFileReference; lastKnownFileType = file; path = "SVN-Gilroy Light.otf"; sourceTree = "<group>"; };
		3F7744BB2993803800DC3181 /* SVN-Gilroy Black Italic.otf */ = {isa = PBXFileReference; lastKnownFileType = file; path = "SVN-Gilroy Black Italic.otf"; sourceTree = "<group>"; };
		3F7744BC2993803800DC3181 /* SVN-Gilroy SemiBold.otf */ = {isa = PBXFileReference; lastKnownFileType = file; path = "SVN-Gilroy SemiBold.otf"; sourceTree = "<group>"; };
		3F7744BD2993803800DC3181 /* SVN-Gilroy Heavy.otf */ = {isa = PBXFileReference; lastKnownFileType = file; path = "SVN-Gilroy Heavy.otf"; sourceTree = "<group>"; };
		3F7744BE2993803800DC3181 /* SVN-Gilroy Regular.otf */ = {isa = PBXFileReference; lastKnownFileType = file; path = "SVN-Gilroy Regular.otf"; sourceTree = "<group>"; };
		3F7744BF2993803800DC3181 /* SVN-Gilroy Xlight Italic.otf */ = {isa = PBXFileReference; lastKnownFileType = file; path = "SVN-Gilroy Xlight Italic.otf"; sourceTree = "<group>"; };
		3F7744D42993894C00DC3181 /* TutorialViewController.storyboard */ = {isa = PBXFileReference; lastKnownFileType = file.storyboard; path = TutorialViewController.storyboard; sourceTree = "<group>"; };
		3F7744D6299389C000DC3181 /* TutorialViewController.swift */ = {isa = PBXFileReference; lastKnownFileType = sourcecode.swift; path = TutorialViewController.swift; sourceTree = "<group>"; };
		3FBE1313298CE09800DA0374 /* Introduce2ViewController.storyboard */ = {isa = PBXFileReference; lastKnownFileType = file.storyboard; path = Introduce2ViewController.storyboard; sourceTree = "<group>"; };
		3FBE1315298CE0FC00DA0374 /* Introduce2ViewController.swift */ = {isa = PBXFileReference; lastKnownFileType = sourcecode.swift; path = Introduce2ViewController.swift; sourceTree = "<group>"; };
		3FBE1317298CE32800DA0374 /* Introduce3ViewController.storyboard */ = {isa = PBXFileReference; lastKnownFileType = file.storyboard; path = Introduce3ViewController.storyboard; sourceTree = "<group>"; };
		3FC5EC6F29B07DD300B62B57 /* TabBarViewController.storyboard */ = {isa = PBXFileReference; lastKnownFileType = file.storyboard; path = TabBarViewController.storyboard; sourceTree = "<group>"; };
		3FC5EC7429B0827600B62B57 /* ProfileViewController.swift */ = {isa = PBXFileReference; lastKnownFileType = sourcecode.swift; path = ProfileViewController.swift; sourceTree = "<group>"; };
		3FC5EC7629B0828900B62B57 /* ProfileViewController.storyboard */ = {isa = PBXFileReference; lastKnownFileType = file.storyboard; path = ProfileViewController.storyboard; sourceTree = "<group>"; };
		3FC5EC7829B082A100B62B57 /* HistoryViewController.swift */ = {isa = PBXFileReference; lastKnownFileType = sourcecode.swift; path = HistoryViewController.swift; sourceTree = "<group>"; };
		3FC5EC7A29B082B400B62B57 /* HistoryViewController.storyboard */ = {isa = PBXFileReference; lastKnownFileType = file.storyboard; path = HistoryViewController.storyboard; sourceTree = "<group>"; };
		3FC5EC7C29B082C300B62B57 /* UploadViewController.swift */ = {isa = PBXFileReference; lastKnownFileType = sourcecode.swift; path = UploadViewController.swift; sourceTree = "<group>"; };
		3FC5EC7E29B082DA00B62B57 /* UploadViewController.storyboard */ = {isa = PBXFileReference; lastKnownFileType = file.storyboard; path = UploadViewController.storyboard; sourceTree = "<group>"; };
		3FC5EC8029B0985B00B62B57 /* SearchViewController.storyboard */ = {isa = PBXFileReference; lastKnownFileType = file.storyboard; path = SearchViewController.storyboard; sourceTree = "<group>"; };
		3FFFAED7299F75BA007E4443 /* RulesViewController.swift */ = {isa = PBXFileReference; lastKnownFileType = sourcecode.swift; path = RulesViewController.swift; sourceTree = "<group>"; };
		3FFFAED9299F75CA007E4443 /* RulesViewController.storyboard */ = {isa = PBXFileReference; lastKnownFileType = file.storyboard; path = RulesViewController.storyboard; sourceTree = "<group>"; };
		3FFFAEDD29ADE78E007E4443 /* HomeViewController.swift */ = {isa = PBXFileReference; lastKnownFileType = sourcecode.swift; path = HomeViewController.swift; sourceTree = "<group>"; };
		3FFFAEDF29ADE7A3007E4443 /* HomeViewController.storyboard */ = {isa = PBXFileReference; lastKnownFileType = file.storyboard; path = HomeViewController.storyboard; sourceTree = "<group>"; };
		3FFFAEE429ADFA0C007E4443 /* TabBarViewController.swift */ = {isa = PBXFileReference; lastKnownFileType = sourcecode.swift; path = TabBarViewController.swift; sourceTree = "<group>"; };
		8C20F79529C4757500C62D89 /* SubjectListViewController.swift */ = {isa = PBXFileReference; lastKnownFileType = sourcecode.swift; path = SubjectListViewController.swift; sourceTree = "<group>"; };
		8C20F79729C475BD00C62D89 /* SubjectListViewController.storyboard */ = {isa = PBXFileReference; lastKnownFileType = file.storyboard; path = SubjectListViewController.storyboard; sourceTree = "<group>"; };
		8C20F79929C8B67B00C62D89 /* SubjectCell.swift */ = {isa = PBXFileReference; lastKnownFileType = sourcecode.swift; path = SubjectCell.swift; sourceTree = "<group>"; };
		8C20F79A29C8B67B00C62D89 /* SubjectCell.xib */ = {isa = PBXFileReference; lastKnownFileType = file.xib; path = SubjectCell.xib; sourceTree = "<group>"; };
		8C20F79D29C8D1F400C62D89 /* SubjectModel.swift */ = {isa = PBXFileReference; lastKnownFileType = sourcecode.swift; path = SubjectModel.swift; sourceTree = "<group>"; };
		8C20F7A329C988DE00C62D89 /* headerView.swift */ = {isa = PBXFileReference; lastKnownFileType = sourcecode.swift; path = headerView.swift; sourceTree = "<group>"; };
		8C20F7AA29C9AB5900C62D89 /* TestListViewController.swift */ = {isa = PBXFileReference; lastKnownFileType = sourcecode.swift; path = TestListViewController.swift; sourceTree = "<group>"; };
		8C20F7B029C9ABA500C62D89 /* TestListViewController.storyboard */ = {isa = PBXFileReference; lastKnownFileType = file.storyboard; path = TestListViewController.storyboard; sourceTree = "<group>"; };
		8C20F7B229C9B07F00C62D89 /* testCell.swift */ = {isa = PBXFileReference; lastKnownFileType = sourcecode.swift; path = testCell.swift; sourceTree = "<group>"; };
		8C20F7B329C9B07F00C62D89 /* testCell.xib */ = {isa = PBXFileReference; lastKnownFileType = file.xib; path = testCell.xib; sourceTree = "<group>"; };
		8C20F7B629C9BBF700C62D89 /* TestModel.swift */ = {isa = PBXFileReference; lastKnownFileType = sourcecode.swift; path = TestModel.swift; sourceTree = "<group>"; };
		8C20F7BC29CA992600C62D89 /* StartTestViewController.swift */ = {isa = PBXFileReference; lastKnownFileType = sourcecode.swift; path = StartTestViewController.swift; sourceTree = "<group>"; };
		8C20F7BE29CA993D00C62D89 /* StartTestViewController.storyboard */ = {isa = PBXFileReference; lastKnownFileType = file.storyboard; path = StartTestViewController.storyboard; sourceTree = "<group>"; };
		8C20F7C129CAAFAC00C62D89 /* TestDetailViewController.swift */ = {isa = PBXFileReference; lastKnownFileType = sourcecode.swift; path = TestDetailViewController.swift; sourceTree = "<group>"; };
		8C20F7C329CAAFC200C62D89 /* TestDetailViewController.storyboard */ = {isa = PBXFileReference; lastKnownFileType = file.storyboard; path = TestDetailViewController.storyboard; sourceTree = "<group>"; };
		8C20F7C529D0949500C62D89 /* QuestionCollectionCell.swift */ = {isa = PBXFileReference; lastKnownFileType = sourcecode.swift; path = QuestionCollectionCell.swift; sourceTree = "<group>"; };
		8C20F7C629D0949500C62D89 /* QuestionCollectionCell.xib */ = {isa = PBXFileReference; lastKnownFileType = file.xib; path = QuestionCollectionCell.xib; sourceTree = "<group>"; };
		8C20F7C929D0C1AC00C62D89 /* PopUpViewController.swift */ = {isa = PBXFileReference; lastKnownFileType = sourcecode.swift; path = PopUpViewController.swift; sourceTree = "<group>"; };
		8C20F7D029D146F300C62D89 /* PopUpViewController.storyboard */ = {isa = PBXFileReference; lastKnownFileType = file.storyboard; path = PopUpViewController.storyboard; sourceTree = "<group>"; };
		8C20F7D329D150CA00C62D89 /* CheckViewController.swift */ = {isa = PBXFileReference; lastKnownFileType = sourcecode.swift; path = CheckViewController.swift; sourceTree = "<group>"; };
		8C20F7D529D150E300C62D89 /* CheckViewController.storyboard */ = {isa = PBXFileReference; lastKnownFileType = file.storyboard; path = CheckViewController.storyboard; sourceTree = "<group>"; };
		8C75011F29BF192A00AB20BF /* HomeHeaderTableViewCell.swift */ = {isa = PBXFileReference; lastKnownFileType = sourcecode.swift; path = HomeHeaderTableViewCell.swift; sourceTree = "<group>"; };
		8C75012029BF192A00AB20BF /* HomeHeaderTableViewCell.xib */ = {isa = PBXFileReference; lastKnownFileType = file.xib; path = HomeHeaderTableViewCell.xib; sourceTree = "<group>"; };
		8C80BF5429C2F7CC00C59FC4 /* ScienceFieldCell.swift */ = {isa = PBXFileReference; lastKnownFileType = sourcecode.swift; path = ScienceFieldCell.swift; sourceTree = "<group>"; };
		8C80BF5529C2F7CC00C59FC4 /* ScienceFieldCell.xib */ = {isa = PBXFileReference; lastKnownFileType = file.xib; path = ScienceFieldCell.xib; sourceTree = "<group>"; };
		8C80BF5829C2FC5600C59FC4 /* ScienceFieldModel.swift */ = {isa = PBXFileReference; lastKnownFileType = sourcecode.swift; path = ScienceFieldModel.swift; sourceTree = "<group>"; };
		8C80BF6229C37FEB00C59FC4 /* SearchViewController.swift */ = {isa = PBXFileReference; lastKnownFileType = sourcecode.swift; path = SearchViewController.swift; sourceTree = "<group>"; };
		8C80BF6829C40E4B00C59FC4 /* ItemCollectionViewCell.swift */ = {isa = PBXFileReference; lastKnownFileType = sourcecode.swift; path = ItemCollectionViewCell.swift; sourceTree = "<group>"; };
		8C80BF6929C40E4B00C59FC4 /* ItemCollectionViewCell.xib */ = {isa = PBXFileReference; lastKnownFileType = file.xib; path = ItemCollectionViewCell.xib; sourceTree = "<group>"; };
		8C80BF6C29C411E000C59FC4 /* Item.swift */ = {isa = PBXFileReference; lastKnownFileType = sourcecode.swift; path = Item.swift; sourceTree = "<group>"; };
		8C80BF7829C4511A00C59FC4 /* HeaderCollectionReusableView.swift */ = {isa = PBXFileReference; lastKnownFileType = sourcecode.swift; path = HeaderCollectionReusableView.swift; sourceTree = "<group>"; };
		8C80BF7929C4511A00C59FC4 /* HeaderCollectionReusableView.xib */ = {isa = PBXFileReference; lastKnownFileType = file.xib; path = HeaderCollectionReusableView.xib; sourceTree = "<group>"; };
		992C74ED962C05BAD7B6927E /* Pods_QuizApp.framework */ = {isa = PBXFileReference; explicitFileType = wrapper.framework; includeInIndex = 0; path = Pods_QuizApp.framework; sourceTree = BUILT_PRODUCTS_DIR; };
/* End PBXFileReference section */

/* Begin PBXFrameworksBuildPhase section */
		3F76B1AC2987AD5B00E963F3 /* Frameworks */ = {
			isa = PBXFrameworksBuildPhase;
			buildActionMask = 2147483647;
			files = (
				3F5B295C299E15AD0000A996 /* FacebookLogin in Frameworks */,
				3F5B295A299E15AD0000A996 /* FacebookGamingServices in Frameworks */,
				3F5B295E299E15AD0000A996 /* FacebookShare in Frameworks */,
				3F5B2958299E15AD0000A996 /* FacebookCore in Frameworks */,
				BFE44971D2310D4973C4E814 /* Pods_QuizApp.framework in Frameworks */,
			);
			runOnlyForDeploymentPostprocessing = 0;
		};
/* End PBXFrameworksBuildPhase section */

/* Begin PBXGroup section */
		121975C0348EDC871A8F0808 /* Frameworks */ = {
			isa = PBXGroup;
			children = (
				992C74ED962C05BAD7B6927E /* Pods_QuizApp.framework */,
			);
			name = Frameworks;
			sourceTree = "<group>";
		};
		3F46CC622991464B00BAA945 /* 2 */ = {
			isa = PBXGroup;
			children = (
				3FFFAED6299F7599007E4443 /* Rules */,
				3F46CC632991465400BAA945 /* Sign In */,
				3F46CC642991468000BAA945 /* Sign up */,
				3F46CC65299146F000BAA945 /* Forgot password */,
			);
			path = 2;
			sourceTree = "<group>";
		};
		3F46CC632991465400BAA945 /* Sign In */ = {
			isa = PBXGroup;
			children = (
				3F46CC662991475400BAA945 /* SignInViewController.swift */,
				3F46CC682991477900BAA945 /* SignInViewController.storyboard */,
			);
			path = "Sign In";
			sourceTree = "<group>";
		};
		3F46CC642991468000BAA945 /* Sign up */ = {
			isa = PBXGroup;
			children = (
				3F77449D29933BB900DC3181 /* SignUpViewController.storyboard */,
				3F77449F29933BCE00DC3181 /* SignUpViewController.swift */,
			);
			path = "Sign up";
			sourceTree = "<group>";
		};
		3F46CC65299146F000BAA945 /* Forgot password */ = {
			isa = PBXGroup;
			children = (
				3F7744A1299359F100DC3181 /* Forgot password 1 */,
				3F7744A229935A0600DC3181 /* Forgot password 2 */,
			);
			path = "Forgot password";
			sourceTree = "<group>";
		};
		3F76B1A62987AD5B00E963F3 = {
			isa = PBXGroup;
			children = (
				3F76B1B12987AD5B00E963F3 /* QuizApp */,
				3F76B1B02987AD5B00E963F3 /* Products */,
				AEB7A34DC781CCCD7E434DAE /* Pods */,
				121975C0348EDC871A8F0808 /* Frameworks */,
			);
			sourceTree = "<group>";
		};
		3F76B1B02987AD5B00E963F3 /* Products */ = {
			isa = PBXGroup;
			children = (
				3F76B1AF2987AD5B00E963F3 /* QuizApp.app */,
			);
			name = Products;
			sourceTree = "<group>";
		};
		3F76B1B12987AD5B00E963F3 /* QuizApp */ = {
			isa = PBXGroup;
			children = (
				3F5B295F299E185C0000A996 /* QuizApp.entitlements */,
				3F76B1CC2987ADF000E963F3 /* 1 */,
				3F46CC622991464B00BAA945 /* 2 */,
				3FFFAEDB29A36F2A007E4443 /* 3 */,
				3F76B1B22987AD5B00E963F3 /* AppDelegate.swift */,
				3F76B1B42987AD5B00E963F3 /* SceneDelegate.swift */,
				3F76B1B82987AD5B00E963F3 /* Main.storyboard */,
				3F76B1BB2987AD5D00E963F3 /* Assets.xcassets */,
				3F76B1BD2987AD5D00E963F3 /* LaunchScreen.storyboard */,
				3F76B1C02987AD5D00E963F3 /* Info.plist */,
				3F7744AB2993803800DC3181 /* Font */,
			);
			path = QuizApp;
			sourceTree = "<group>";
		};
		3F76B1C62987AD7500E963F3 /* start */ = {
			isa = PBXGroup;
			children = (
				3F76B1CF2987AF0700E963F3 /* StartViewController.swift */,
				3F7744D42993894C00DC3181 /* TutorialViewController.storyboard */,
				3F7744D6299389C000DC3181 /* TutorialViewController.swift */,
			);
			path = start;
			sourceTree = "<group>";
		};
		3F76B1C72987AD8A00E963F3 /* Introduce 1 */ = {
			isa = PBXGroup;
			children = (
				3F76B1D12987BCC700E963F3 /* Introduce1ViewController.swift */,
				3F76B1D32987BCE300E963F3 /* Introduce1ViewController.storyboard */,
			);
			name = "Introduce 1";
			path = "Giới thiệu 1";
			sourceTree = "<group>";
		};
		3F76B1C92987ADA900E963F3 /* Introduce 2 */ = {
			isa = PBXGroup;
			children = (
				3FBE1315298CE0FC00DA0374 /* Introduce2ViewController.swift */,
				3FBE1313298CE09800DA0374 /* Introduce2ViewController.storyboard */,
			);
			name = "Introduce 2";
			path = "Giới thiệu 2";
			sourceTree = "<group>";
		};
		3F76B1CA2987ADCD00E963F3 /* Introduce 3 */ = {
			isa = PBXGroup;
			children = (
				3FBE1317298CE32800DA0374 /* Introduce3ViewController.storyboard */,
				3F46CC5C298D069500BAA945 /* Introduce3ViewController.swift */,
			);
			name = "Introduce 3";
			path = "GIới thiệu 3";
			sourceTree = "<group>";
		};
		3F76B1CB2987ADE400E963F3 /* Introduce 4 */ = {
			isa = PBXGroup;
			children = (
				3F46CC5E298D0ABE00BAA945 /* Introduce4ViewController.swift */,
				3F46CC60298D0ADD00BAA945 /* Introduce4ViewController.storyboard */,
			);
			name = "Introduce 4";
			path = "Giới thiệu 4";
			sourceTree = "<group>";
		};
		3F76B1CC2987ADF000E963F3 /* 1 */ = {
			isa = PBXGroup;
			children = (
				3F76B1C62987AD7500E963F3 /* start */,
				3F76B1C72987AD8A00E963F3 /* Introduce 1 */,
				3F76B1C92987ADA900E963F3 /* Introduce 2 */,
				3F76B1CA2987ADCD00E963F3 /* Introduce 3 */,
				3F76B1CB2987ADE400E963F3 /* Introduce 4 */,
			);
			path = 1;
			sourceTree = "<group>";
		};
		3F7744A1299359F100DC3181 /* Forgot password 1 */ = {
			isa = PBXGroup;
			children = (
				3F7744A329935AEB00DC3181 /* ForgotPassword1Storyboard.storyboard */,
				3F7744A529935B0100DC3181 /* ForgotPassword1ViewController.swift */,
			);
			path = "Forgot password 1";
			sourceTree = "<group>";
		};
		3F7744A229935A0600DC3181 /* Forgot password 2 */ = {
			isa = PBXGroup;
			children = (
				3F7744A72993754400DC3181 /* ForgotPassword2ViewController.swift */,
				3F7744A92993755500DC3181 /* ForgotPassword2Storyboard.storyboard */,
			);
			path = "Forgot password 2";
			sourceTree = "<group>";
		};
		3F7744AB2993803800DC3181 /* Font */ = {
			isa = PBXGroup;
			children = (
				3F7744AC2993803800DC3181 /* SVN-Gilroy Thin Italic.otf */,
				3F7744AD2993803800DC3181 /* SVN-Gilroy Light Italic.otf */,
				3F7744AE2993803800DC3181 /* SVN-Gilroy XBold.otf */,
				3F7744AF2993803800DC3181 /* SVN-Gilroy Bold.otf */,
				3F7744B02993803800DC3181 /* SVN-Gilroy Bold Italic.otf */,
				3F7744B12993803800DC3181 /* SVN-Gilroy Heavy Italic.otf */,
				3F7744B22993803800DC3181 /* SVN-Gilroy Black.otf */,
				3F7744B32993803800DC3181 /* SVN-Gilroy Medium.otf */,
				3F7744B42993803800DC3181 /* SVN-Gilroy Xlight.otf */,
				3F7744B52993803800DC3181 /* SVN-Gilroy Thin.otf */,
				3F7744B62993803800DC3181 /* SVN-Gilroy Italic.otf */,
				3F7744B72993803800DC3181 /* SVN-Gilroy SemiBold Italic.otf */,
				3F7744B82993803800DC3181 /* SVN-Gilroy Medium Italic.otf */,
				3F7744B92993803800DC3181 /* SVN-Gilroy XBold Italic.otf */,
				3F7744BA2993803800DC3181 /* SVN-Gilroy Light.otf */,
				3F7744BB2993803800DC3181 /* SVN-Gilroy Black Italic.otf */,
				3F7744BC2993803800DC3181 /* SVN-Gilroy SemiBold.otf */,
				3F7744BD2993803800DC3181 /* SVN-Gilroy Heavy.otf */,
				3F7744BE2993803800DC3181 /* SVN-Gilroy Regular.otf */,
				3F7744BF2993803800DC3181 /* SVN-Gilroy Xlight Italic.otf */,
			);
			path = Font;
			sourceTree = "<group>";
		};
		3FC5EC7129B07ECC00B62B57 /* UpLoad */ = {
			isa = PBXGroup;
			children = (
				3FC5EC7C29B082C300B62B57 /* UploadViewController.swift */,
				3FC5EC7E29B082DA00B62B57 /* UploadViewController.storyboard */,
			);
			path = UpLoad;
			sourceTree = "<group>";
		};
		3FC5EC7229B07EE300B62B57 /* Hístory */ = {
			isa = PBXGroup;
			children = (
				3FC5EC7829B082A100B62B57 /* HistoryViewController.swift */,
				3FC5EC7A29B082B400B62B57 /* HistoryViewController.storyboard */,
			);
			name = "Hístory";
			path = "Hístory";
			sourceTree = "<group>";
		};
		3FC5EC7329B07EF400B62B57 /* Profile */ = {
			isa = PBXGroup;
			children = (
				3FC5EC7429B0827600B62B57 /* ProfileViewController.swift */,
				3FC5EC7629B0828900B62B57 /* ProfileViewController.storyboard */,
			);
			path = Profile;
			sourceTree = "<group>";
		};
		3FC5EC8229B0986200B62B57 /* Search */ = {
			isa = PBXGroup;
			children = (
				3FC5EC8029B0985B00B62B57 /* SearchViewController.storyboard */,
				8C80BF6229C37FEB00C59FC4 /* SearchViewController.swift */,
				8C80BF6829C40E4B00C59FC4 /* ItemCollectionViewCell.swift */,
				8C80BF6929C40E4B00C59FC4 /* ItemCollectionViewCell.xib */,
				8C80BF6C29C411E000C59FC4 /* Item.swift */,
				8C80BF7829C4511A00C59FC4 /* HeaderCollectionReusableView.swift */,
				8C80BF7929C4511A00C59FC4 /* HeaderCollectionReusableView.xib */,
			);
			path = Search;
			sourceTree = "<group>";
		};
		3FFFAED6299F7599007E4443 /* Rules */ = {
			isa = PBXGroup;
			children = (
				3FFFAED7299F75BA007E4443 /* RulesViewController.swift */,
				3FFFAED9299F75CA007E4443 /* RulesViewController.storyboard */,
			);
			path = Rules;
			sourceTree = "<group>";
		};
		3FFFAEDB29A36F2A007E4443 /* 3 */ = {
			isa = PBXGroup;
			children = (
				8C20F7D229D150AA00C62D89 /* Check */,
				8C20F7C029CAAF7E00C62D89 /* 3.6 */,
				8C20F7B929CA986E00C62D89 /* 3.5 */,
				8C20F79329C4729B00C62D89 /* 3.4 */,
				3FFFAEE129ADF9A9007E4443 /* TapBar */,
				3FFFAEDC29ADE776007E4443 /* Home */,
				3FC5EC7129B07ECC00B62B57 /* UpLoad */,
				3FC5EC7229B07EE300B62B57 /* Hístory */,
				3FC5EC7329B07EF400B62B57 /* Profile */,
				3FC5EC8229B0986200B62B57 /* Search */,
			);
			path = 3;
			sourceTree = "<group>";
		};
		3FFFAEDC29ADE776007E4443 /* Home */ = {
			isa = PBXGroup;
			children = (
				3FFFAEDD29ADE78E007E4443 /* HomeViewController.swift */,
				3FFFAEDF29ADE7A3007E4443 /* HomeViewController.storyboard */,
				8C75011F29BF192A00AB20BF /* HomeHeaderTableViewCell.swift */,
				8C75012029BF192A00AB20BF /* HomeHeaderTableViewCell.xib */,
				8C20F7A329C988DE00C62D89 /* headerView.swift */,
				8C80BF5429C2F7CC00C59FC4 /* ScienceFieldCell.swift */,
				8C80BF5529C2F7CC00C59FC4 /* ScienceFieldCell.xib */,
				8C80BF5829C2FC5600C59FC4 /* ScienceFieldModel.swift */,
			);
			path = Home;
			sourceTree = "<group>";
		};
		3FFFAEE129ADF9A9007E4443 /* TapBar */ = {
			isa = PBXGroup;
			children = (
				3FFFAEE429ADFA0C007E4443 /* TabBarViewController.swift */,
				3FC5EC6F29B07DD300B62B57 /* TabBarViewController.storyboard */,
			);
			path = TapBar;
			sourceTree = "<group>";
		};
		8C20F79329C4729B00C62D89 /* 3.4 */ = {
			isa = PBXGroup;
			children = (
				8C20F7A929C9AB2C00C62D89 /* danhsachde */,
				8C20F79429C472A900C62D89 /* danhsachmon */,
			);
			path = 3.4;
			sourceTree = "<group>";
		};
		8C20F79429C472A900C62D89 /* danhsachmon */ = {
			isa = PBXGroup;
			children = (
				8C20F79529C4757500C62D89 /* SubjectListViewController.swift */,
				8C20F79729C475BD00C62D89 /* SubjectListViewController.storyboard */,
				8C20F79929C8B67B00C62D89 /* SubjectCell.swift */,
				8C20F79A29C8B67B00C62D89 /* SubjectCell.xib */,
				8C20F79D29C8D1F400C62D89 /* SubjectModel.swift */,
			);
			path = danhsachmon;
			sourceTree = "<group>";
		};
		8C20F7A929C9AB2C00C62D89 /* danhsachde */ = {
			isa = PBXGroup;
			children = (
				8C20F7AA29C9AB5900C62D89 /* TestListViewController.swift */,
				8C20F7B029C9ABA500C62D89 /* TestListViewController.storyboard */,
				8C20F7B229C9B07F00C62D89 /* testCell.swift */,
				8C20F7B329C9B07F00C62D89 /* testCell.xib */,
				8C20F7B629C9BBF700C62D89 /* TestModel.swift */,
			);
			path = danhsachde;
			sourceTree = "<group>";
		};
		8C20F7B929CA986E00C62D89 /* 3.5 */ = {
			isa = PBXGroup;
			children = (
				8C20F7BB29CA989600C62D89 /* tracnghiem(nguoitao) */,
				8C20F7BA29CA988500C62D89 /* tracnghiem(hethong) */,
			);
			path = 3.5;
			sourceTree = "<group>";
		};
		8C20F7BA29CA988500C62D89 /* tracnghiem(hethong) */ = {
			isa = PBXGroup;
			children = (
				8C20F7BC29CA992600C62D89 /* StartTestViewController.swift */,
				8C20F7BE29CA993D00C62D89 /* StartTestViewController.storyboard */,
			);
			path = "tracnghiem(hethong)";
			sourceTree = "<group>";
		};
		8C20F7BB29CA989600C62D89 /* tracnghiem(nguoitao) */ = {
			isa = PBXGroup;
			children = (
			);
			path = "tracnghiem(nguoitao)";
			sourceTree = "<group>";
		};
		8C20F7C029CAAF7E00C62D89 /* 3.6 */ = {
			isa = PBXGroup;
			children = (
				8C20F7C129CAAFAC00C62D89 /* TestDetailViewController.swift */,
				8C20F7C329CAAFC200C62D89 /* TestDetailViewController.storyboard */,
				8C20F7C529D0949500C62D89 /* QuestionCollectionCell.swift */,
				8C20F7C629D0949500C62D89 /* QuestionCollectionCell.xib */,
				8C20F7C929D0C1AC00C62D89 /* PopUpViewController.swift */,
				8C20F7D029D146F300C62D89 /* PopUpViewController.storyboard */,
			);
			path = 3.6;
			sourceTree = "<group>";
		};
		8C20F7D229D150AA00C62D89 /* Check */ = {
			isa = PBXGroup;
			children = (
				8C20F7D329D150CA00C62D89 /* CheckViewController.swift */,
				8C20F7D529D150E300C62D89 /* CheckViewController.storyboard */,
			);
			path = Check;
			sourceTree = "<group>";
		};
		AEB7A34DC781CCCD7E434DAE /* Pods */ = {
			isa = PBXGroup;
			children = (
				39DBFA672E7A037A02564605 /* Pods-QuizApp.debug.xcconfig */,
				1545E88396C63B9D12B13CE8 /* Pods-QuizApp.release.xcconfig */,
			);
			path = Pods;
			sourceTree = "<group>";
		};
/* End PBXGroup section */

/* Begin PBXNativeTarget section */
		3F76B1AE2987AD5B00E963F3 /* QuizApp */ = {
			isa = PBXNativeTarget;
			buildConfigurationList = 3F76B1C32987AD5D00E963F3 /* Build configuration list for PBXNativeTarget "QuizApp" */;
			buildPhases = (
				E202FFCC3F72C832456624D9 /* [CP] Check Pods Manifest.lock */,
				3F76B1AB2987AD5B00E963F3 /* Sources */,
				3F76B1AC2987AD5B00E963F3 /* Frameworks */,
				3F76B1AD2987AD5B00E963F3 /* Resources */,
				3FC166A9299398200083792C /* Embed Frameworks */,
				942983F41485974CD3348ACD /* [CP] Embed Pods Frameworks */,
				322D939344C2018568949712 /* [CP] Copy Pods Resources */,
			);
			buildRules = (
			);
			dependencies = (
			);
			name = QuizApp;
			packageProductDependencies = (
				3F5B2957299E15AD0000A996 /* FacebookCore */,
				3F5B2959299E15AD0000A996 /* FacebookGamingServices */,
				3F5B295B299E15AD0000A996 /* FacebookLogin */,
				3F5B295D299E15AD0000A996 /* FacebookShare */,
			);
			productName = QuizApp;
			productReference = 3F76B1AF2987AD5B00E963F3 /* QuizApp.app */;
			productType = "com.apple.product-type.application";
		};
/* End PBXNativeTarget section */

/* Begin PBXProject section */
		3F76B1A72987AD5B00E963F3 /* Project object */ = {
			isa = PBXProject;
			attributes = {
				BuildIndependentTargetsInParallel = 1;
				LastSwiftUpdateCheck = 1340;
				LastUpgradeCheck = 1340;
				TargetAttributes = {
					3F76B1AE2987AD5B00E963F3 = {
						CreatedOnToolsVersion = 13.4.1;
					};
				};
			};
			buildConfigurationList = 3F76B1AA2987AD5B00E963F3 /* Build configuration list for PBXProject "QuizApp" */;
			compatibilityVersion = "Xcode 13.0";
			developmentRegion = en;
			hasScannedForEncodings = 0;
			knownRegions = (
				en,
				Base,
			);
			mainGroup = 3F76B1A62987AD5B00E963F3;
			packageReferences = (
				3F5B2956299E15AD0000A996 /* XCRemoteSwiftPackageReference "facebook-ios-sdk" */,
			);
			productRefGroup = 3F76B1B02987AD5B00E963F3 /* Products */;
			projectDirPath = "";
			projectRoot = "";
			targets = (
				3F76B1AE2987AD5B00E963F3 /* QuizApp */,
			);
		};
/* End PBXProject section */

/* Begin PBXResourcesBuildPhase section */
		3F76B1AD2987AD5B00E963F3 /* Resources */ = {
			isa = PBXResourcesBuildPhase;
			buildActionMask = 2147483647;
			files = (
				3F7744C32993803800DC3181 /* SVN-Gilroy Bold.otf in Resources */,
				3F76B1BF2987AD5D00E963F3 /* LaunchScreen.storyboard in Resources */,
				3F7744C92993803800DC3181 /* SVN-Gilroy Thin.otf in Resources */,
				3F7744D02993803800DC3181 /* SVN-Gilroy SemiBold.otf in Resources */,
				3F7744C42993803800DC3181 /* SVN-Gilroy Bold Italic.otf in Resources */,
				8C20F7C429CAAFC200C62D89 /* TestDetailViewController.storyboard in Resources */,
				8C80BF6B29C40E4B00C59FC4 /* ItemCollectionViewCell.xib in Resources */,
				3F7744C72993803800DC3181 /* SVN-Gilroy Medium.otf in Resources */,
				3F7744D32993803800DC3181 /* SVN-Gilroy Xlight Italic.otf in Resources */,
				3FBE1314298CE09800DA0374 /* Introduce2ViewController.storyboard in Resources */,
				3FC5EC7F29B082DA00B62B57 /* UploadViewController.storyboard in Resources */,
				3F7744CA2993803800DC3181 /* SVN-Gilroy Italic.otf in Resources */,
				3F77449E29933BB900DC3181 /* SignUpViewController.storyboard in Resources */,
				8C80BF5729C2F7CC00C59FC4 /* ScienceFieldCell.xib in Resources */,
				8C20F7D629D150E300C62D89 /* CheckViewController.storyboard in Resources */,
				8C20F7C829D0949500C62D89 /* QuestionCollectionCell.xib in Resources */,
				3F76B1D42987BCE300E963F3 /* Introduce1ViewController.storyboard in Resources */,
				8C20F7BF29CA993D00C62D89 /* StartTestViewController.storyboard in Resources */,
				3F7744C02993803800DC3181 /* SVN-Gilroy Thin Italic.otf in Resources */,
				3FBE1318298CE32800DA0374 /* Introduce3ViewController.storyboard in Resources */,
				3FC5EC8129B0985B00B62B57 /* SearchViewController.storyboard in Resources */,
				8C20F7B129C9ABA500C62D89 /* TestListViewController.storyboard in Resources */,
				3F76B1BC2987AD5D00E963F3 /* Assets.xcassets in Resources */,
				3FC5EC7729B0828900B62B57 /* ProfileViewController.storyboard in Resources */,
				8C75012229BF192A00AB20BF /* HomeHeaderTableViewCell.xib in Resources */,
				3F7744CC2993803800DC3181 /* SVN-Gilroy Medium Italic.otf in Resources */,
				3F7744CF2993803800DC3181 /* SVN-Gilroy Black Italic.otf in Resources */,
				3F7744C82993803800DC3181 /* SVN-Gilroy Xlight.otf in Resources */,
				3F7744C52993803800DC3181 /* SVN-Gilroy Heavy Italic.otf in Resources */,
				3FFFAEE029ADE7A3007E4443 /* HomeViewController.storyboard in Resources */,
				3F7744C62993803800DC3181 /* SVN-Gilroy Black.otf in Resources */,
				8C20F79829C475BD00C62D89 /* SubjectListViewController.storyboard in Resources */,
				3F46CC692991477900BAA945 /* SignInViewController.storyboard in Resources */,
				3F76B1BA2987AD5B00E963F3 /* Main.storyboard in Resources */,
				3F7744D12993803800DC3181 /* SVN-Gilroy Heavy.otf in Resources */,
				3F46CC61298D0ADD00BAA945 /* Introduce4ViewController.storyboard in Resources */,
				8C20F7B529C9B07F00C62D89 /* testCell.xib in Resources */,
				3F7744C12993803800DC3181 /* SVN-Gilroy Light Italic.otf in Resources */,
				3F7744D52993894C00DC3181 /* TutorialViewController.storyboard in Resources */,
				3FFFAEDA299F75CA007E4443 /* RulesViewController.storyboard in Resources */,
				8C80BF7B29C4511A00C59FC4 /* HeaderCollectionReusableView.xib in Resources */,
				3F7744D22993803800DC3181 /* SVN-Gilroy Regular.otf in Resources */,
				3FC5EC7029B07DD300B62B57 /* TabBarViewController.storyboard in Resources */,
				3F7744AA2993755500DC3181 /* ForgotPassword2Storyboard.storyboard in Resources */,
				3F7744CB2993803800DC3181 /* SVN-Gilroy SemiBold Italic.otf in Resources */,
				3F7744C22993803800DC3181 /* SVN-Gilroy XBold.otf in Resources */,
				3F7744CD2993803800DC3181 /* SVN-Gilroy XBold Italic.otf in Resources */,
				3F7744A429935AEB00DC3181 /* ForgotPassword1Storyboard.storyboard in Resources */,
				8C20F7D129D146F300C62D89 /* PopUpViewController.storyboard in Resources */,
				3F7744CE2993803800DC3181 /* SVN-Gilroy Light.otf in Resources */,
				8C20F79C29C8B67B00C62D89 /* SubjectCell.xib in Resources */,
				3FC5EC7B29B082B400B62B57 /* HistoryViewController.storyboard in Resources */,
			);
			runOnlyForDeploymentPostprocessing = 0;
		};
/* End PBXResourcesBuildPhase section */

/* Begin PBXShellScriptBuildPhase section */
		322D939344C2018568949712 /* [CP] Copy Pods Resources */ = {
			isa = PBXShellScriptBuildPhase;
			buildActionMask = 2147483647;
			files = (
			);
			inputFileListPaths = (
				"${PODS_ROOT}/Target Support Files/Pods-QuizApp/Pods-QuizApp-resources-${CONFIGURATION}-input-files.xcfilelist",
			);
			name = "[CP] Copy Pods Resources";
			outputFileListPaths = (
				"${PODS_ROOT}/Target Support Files/Pods-QuizApp/Pods-QuizApp-resources-${CONFIGURATION}-output-files.xcfilelist",
			);
			runOnlyForDeploymentPostprocessing = 0;
			shellPath = /bin/sh;
			shellScript = "\"${PODS_ROOT}/Target Support Files/Pods-QuizApp/Pods-QuizApp-resources.sh\"\n";
			showEnvVarsInLog = 0;
		};
		942983F41485974CD3348ACD /* [CP] Embed Pods Frameworks */ = {
			isa = PBXShellScriptBuildPhase;
			buildActionMask = 2147483647;
			files = (
			);
			inputFileListPaths = (
				"${PODS_ROOT}/Target Support Files/Pods-QuizApp/Pods-QuizApp-frameworks-${CONFIGURATION}-input-files.xcfilelist",
			);
			name = "[CP] Embed Pods Frameworks";
			outputFileListPaths = (
				"${PODS_ROOT}/Target Support Files/Pods-QuizApp/Pods-QuizApp-frameworks-${CONFIGURATION}-output-files.xcfilelist",
			);
			runOnlyForDeploymentPostprocessing = 0;
			shellPath = /bin/sh;
			shellScript = "\"${PODS_ROOT}/Target Support Files/Pods-QuizApp/Pods-QuizApp-frameworks.sh\"\n";
			showEnvVarsInLog = 0;
		};
		E202FFCC3F72C832456624D9 /* [CP] Check Pods Manifest.lock */ = {
			isa = PBXShellScriptBuildPhase;
			buildActionMask = 2147483647;
			files = (
			);
			inputFileListPaths = (
			);
			inputPaths = (
				"${PODS_PODFILE_DIR_PATH}/Podfile.lock",
				"${PODS_ROOT}/Manifest.lock",
			);
			name = "[CP] Check Pods Manifest.lock";
			outputFileListPaths = (
			);
			outputPaths = (
				"$(DERIVED_FILE_DIR)/Pods-QuizApp-checkManifestLockResult.txt",
			);
			runOnlyForDeploymentPostprocessing = 0;
			shellPath = /bin/sh;
			shellScript = "diff \"${PODS_PODFILE_DIR_PATH}/Podfile.lock\" \"${PODS_ROOT}/Manifest.lock\" > /dev/null\nif [ $? != 0 ] ; then\n    # print error to STDERR\n    echo \"error: The sandbox is not in sync with the Podfile.lock. Run 'pod install' or update your CocoaPods installation.\" >&2\n    exit 1\nfi\n# This output is used by Xcode 'outputs' to avoid re-running this script phase.\necho \"SUCCESS\" > \"${SCRIPT_OUTPUT_FILE_0}\"\n";
			showEnvVarsInLog = 0;
		};
/* End PBXShellScriptBuildPhase section */

/* Begin PBXSourcesBuildPhase section */
		3F76B1AB2987AD5B00E963F3 /* Sources */ = {
			isa = PBXSourcesBuildPhase;
			buildActionMask = 2147483647;
			files = (
				3F76B1D02987AF0700E963F3 /* StartViewController.swift in Sources */,
				8C20F7C229CAAFAC00C62D89 /* TestDetailViewController.swift in Sources */,
				8C75012129BF192A00AB20BF /* HomeHeaderTableViewCell.swift in Sources */,
				3F76B1D22987BCC700E963F3 /* Introduce1ViewController.swift in Sources */,
				8C80BF5929C2FC5600C59FC4 /* ScienceFieldModel.swift in Sources */,
				3F7744A629935B0100DC3181 /* ForgotPassword1ViewController.swift in Sources */,
				8C80BF6D29C411E000C59FC4 /* Item.swift in Sources */,
				8C20F7CA29D0C1AC00C62D89 /* PopUpViewController.swift in Sources */,
				3F46CC5F298D0ABE00BAA945 /* Introduce4ViewController.swift in Sources */,
				3F46CC5D298D069500BAA945 /* Introduce3ViewController.swift in Sources */,
				8C80BF7A29C4511A00C59FC4 /* HeaderCollectionReusableView.swift in Sources */,
				8C20F7C729D0949500C62D89 /* QuestionCollectionCell.swift in Sources */,
				8C20F79629C4757500C62D89 /* SubjectListViewController.swift in Sources */,
				3FFFAEDE29ADE78E007E4443 /* HomeViewController.swift in Sources */,
				3FC5EC7529B0827600B62B57 /* ProfileViewController.swift in Sources */,
				8C20F79B29C8B67B00C62D89 /* SubjectCell.swift in Sources */,
				3F46CC672991475400BAA945 /* SignInViewController.swift in Sources */,
				8C20F79E29C8D1F400C62D89 /* SubjectModel.swift in Sources */,
				8C20F7BD29CA992600C62D89 /* StartTestViewController.swift in Sources */,
				3F7744A82993754400DC3181 /* ForgotPassword2ViewController.swift in Sources */,
				3FFFAED8299F75BA007E4443 /* RulesViewController.swift in Sources */,
				8C80BF6329C37FEB00C59FC4 /* SearchViewController.swift in Sources */,
				8C80BF5629C2F7CC00C59FC4 /* ScienceFieldCell.swift in Sources */,
				3F76B1B32987AD5B00E963F3 /* AppDelegate.swift in Sources */,
				8C20F7A529C988DE00C62D89 /* headerView.swift in Sources */,
				3F7744A029933BCE00DC3181 /* SignUpViewController.swift in Sources */,
				3F76B1B52987AD5B00E963F3 /* SceneDelegate.swift in Sources */,
				8C20F7D429D150CA00C62D89 /* CheckViewController.swift in Sources */,
				3FC5EC7D29B082C300B62B57 /* UploadViewController.swift in Sources */,
				3F7744D7299389C000DC3181 /* TutorialViewController.swift in Sources */,
				8C20F7B429C9B07F00C62D89 /* testCell.swift in Sources */,
				3FBE1316298CE0FC00DA0374 /* Introduce2ViewController.swift in Sources */,
				8C20F7B729C9BBF700C62D89 /* TestModel.swift in Sources */,
				8C20F7AC29C9AB5900C62D89 /* TestListViewController.swift in Sources */,
				8C80BF6A29C40E4B00C59FC4 /* ItemCollectionViewCell.swift in Sources */,
				3FC5EC7929B082A100B62B57 /* HistoryViewController.swift in Sources */,
				3FFFAEE529ADFA0C007E4443 /* TabBarViewController.swift in Sources */,
			);
			runOnlyForDeploymentPostprocessing = 0;
		};
/* End PBXSourcesBuildPhase section */

/* Begin PBXVariantGroup section */
		3F76B1B82987AD5B00E963F3 /* Main.storyboard */ = {
			isa = PBXVariantGroup;
			children = (
				3F76B1B92987AD5B00E963F3 /* Base */,
			);
			name = Main.storyboard;
			sourceTree = "<group>";
		};
		3F76B1BD2987AD5D00E963F3 /* LaunchScreen.storyboard */ = {
			isa = PBXVariantGroup;
			children = (
				3F76B1BE2987AD5D00E963F3 /* Base */,
			);
			name = LaunchScreen.storyboard;
			sourceTree = "<group>";
		};
/* End PBXVariantGroup section */

/* Begin XCBuildConfiguration section */
		3F76B1C12987AD5D00E963F3 /* Debug */ = {
			isa = XCBuildConfiguration;
			buildSettings = {
				ALWAYS_SEARCH_USER_PATHS = NO;
				CLANG_ANALYZER_NONNULL = YES;
				CLANG_ANALYZER_NUMBER_OBJECT_CONVERSION = YES_AGGRESSIVE;
				CLANG_CXX_LANGUAGE_STANDARD = "gnu++17";
				CLANG_ENABLE_MODULES = YES;
				CLANG_ENABLE_OBJC_ARC = YES;
				CLANG_ENABLE_OBJC_WEAK = YES;
				CLANG_WARN_BLOCK_CAPTURE_AUTORELEASING = YES;
				CLANG_WARN_BOOL_CONVERSION = YES;
				CLANG_WARN_COMMA = YES;
				CLANG_WARN_CONSTANT_CONVERSION = YES;
				CLANG_WARN_DEPRECATED_OBJC_IMPLEMENTATIONS = YES;
				CLANG_WARN_DIRECT_OBJC_ISA_USAGE = YES_ERROR;
				CLANG_WARN_DOCUMENTATION_COMMENTS = YES;
				CLANG_WARN_EMPTY_BODY = YES;
				CLANG_WARN_ENUM_CONVERSION = YES;
				CLANG_WARN_INFINITE_RECURSION = YES;
				CLANG_WARN_INT_CONVERSION = YES;
				CLANG_WARN_NON_LITERAL_NULL_CONVERSION = YES;
				CLANG_WARN_OBJC_IMPLICIT_RETAIN_SELF = YES;
				CLANG_WARN_OBJC_LITERAL_CONVERSION = YES;
				CLANG_WARN_OBJC_ROOT_CLASS = YES_ERROR;
				CLANG_WARN_QUOTED_INCLUDE_IN_FRAMEWORK_HEADER = YES;
				CLANG_WARN_RANGE_LOOP_ANALYSIS = YES;
				CLANG_WARN_STRICT_PROTOTYPES = YES;
				CLANG_WARN_SUSPICIOUS_MOVE = YES;
				CLANG_WARN_UNGUARDED_AVAILABILITY = YES_AGGRESSIVE;
				CLANG_WARN_UNREACHABLE_CODE = YES;
				CLANG_WARN__DUPLICATE_METHOD_MATCH = YES;
				COPY_PHASE_STRIP = NO;
				DEBUG_INFORMATION_FORMAT = dwarf;
				ENABLE_STRICT_OBJC_MSGSEND = YES;
				ENABLE_TESTABILITY = YES;
				GCC_C_LANGUAGE_STANDARD = gnu11;
				GCC_DYNAMIC_NO_PIC = NO;
				GCC_NO_COMMON_BLOCKS = YES;
				GCC_OPTIMIZATION_LEVEL = 0;
				GCC_PREPROCESSOR_DEFINITIONS = (
					"DEBUG=1",
					"$(inherited)",
				);
				GCC_WARN_64_TO_32_BIT_CONVERSION = YES;
				GCC_WARN_ABOUT_RETURN_TYPE = YES_ERROR;
				GCC_WARN_UNDECLARED_SELECTOR = YES;
				GCC_WARN_UNINITIALIZED_AUTOS = YES_AGGRESSIVE;
				GCC_WARN_UNUSED_FUNCTION = YES;
				GCC_WARN_UNUSED_VARIABLE = YES;
				IPHONEOS_DEPLOYMENT_TARGET = 15.5;
				MTL_ENABLE_DEBUG_INFO = INCLUDE_SOURCE;
				MTL_FAST_MATH = YES;
				ONLY_ACTIVE_ARCH = YES;
				SDKROOT = iphoneos;
				SWIFT_ACTIVE_COMPILATION_CONDITIONS = DEBUG;
				SWIFT_OPTIMIZATION_LEVEL = "-Onone";
			};
			name = Debug;
		};
		3F76B1C22987AD5D00E963F3 /* Release */ = {
			isa = XCBuildConfiguration;
			buildSettings = {
				ALWAYS_SEARCH_USER_PATHS = NO;
				CLANG_ANALYZER_NONNULL = YES;
				CLANG_ANALYZER_NUMBER_OBJECT_CONVERSION = YES_AGGRESSIVE;
				CLANG_CXX_LANGUAGE_STANDARD = "gnu++17";
				CLANG_ENABLE_MODULES = YES;
				CLANG_ENABLE_OBJC_ARC = YES;
				CLANG_ENABLE_OBJC_WEAK = YES;
				CLANG_WARN_BLOCK_CAPTURE_AUTORELEASING = YES;
				CLANG_WARN_BOOL_CONVERSION = YES;
				CLANG_WARN_COMMA = YES;
				CLANG_WARN_CONSTANT_CONVERSION = YES;
				CLANG_WARN_DEPRECATED_OBJC_IMPLEMENTATIONS = YES;
				CLANG_WARN_DIRECT_OBJC_ISA_USAGE = YES_ERROR;
				CLANG_WARN_DOCUMENTATION_COMMENTS = YES;
				CLANG_WARN_EMPTY_BODY = YES;
				CLANG_WARN_ENUM_CONVERSION = YES;
				CLANG_WARN_INFINITE_RECURSION = YES;
				CLANG_WARN_INT_CONVERSION = YES;
				CLANG_WARN_NON_LITERAL_NULL_CONVERSION = YES;
				CLANG_WARN_OBJC_IMPLICIT_RETAIN_SELF = YES;
				CLANG_WARN_OBJC_LITERAL_CONVERSION = YES;
				CLANG_WARN_OBJC_ROOT_CLASS = YES_ERROR;
				CLANG_WARN_QUOTED_INCLUDE_IN_FRAMEWORK_HEADER = YES;
				CLANG_WARN_RANGE_LOOP_ANALYSIS = YES;
				CLANG_WARN_STRICT_PROTOTYPES = YES;
				CLANG_WARN_SUSPICIOUS_MOVE = YES;
				CLANG_WARN_UNGUARDED_AVAILABILITY = YES_AGGRESSIVE;
				CLANG_WARN_UNREACHABLE_CODE = YES;
				CLANG_WARN__DUPLICATE_METHOD_MATCH = YES;
				COPY_PHASE_STRIP = NO;
				DEBUG_INFORMATION_FORMAT = "dwarf-with-dsym";
				ENABLE_NS_ASSERTIONS = NO;
				ENABLE_STRICT_OBJC_MSGSEND = YES;
				GCC_C_LANGUAGE_STANDARD = gnu11;
				GCC_NO_COMMON_BLOCKS = YES;
				GCC_WARN_64_TO_32_BIT_CONVERSION = YES;
				GCC_WARN_ABOUT_RETURN_TYPE = YES_ERROR;
				GCC_WARN_UNDECLARED_SELECTOR = YES;
				GCC_WARN_UNINITIALIZED_AUTOS = YES_AGGRESSIVE;
				GCC_WARN_UNUSED_FUNCTION = YES;
				GCC_WARN_UNUSED_VARIABLE = YES;
				IPHONEOS_DEPLOYMENT_TARGET = 15.5;
				MTL_ENABLE_DEBUG_INFO = NO;
				MTL_FAST_MATH = YES;
				SDKROOT = iphoneos;
				SWIFT_COMPILATION_MODE = wholemodule;
				SWIFT_OPTIMIZATION_LEVEL = "-O";
				VALIDATE_PRODUCT = YES;
			};
			name = Release;
		};
		3F76B1C42987AD5D00E963F3 /* Debug */ = {
			isa = XCBuildConfiguration;
			baseConfigurationReference = 39DBFA672E7A037A02564605 /* Pods-QuizApp.debug.xcconfig */;
			buildSettings = {
				ASSETCATALOG_COMPILER_APPICON_NAME = AppIcon;
				ASSETCATALOG_COMPILER_GLOBAL_ACCENT_COLOR_NAME = AccentColor;
				CODE_SIGN_ENTITLEMENTS = QuizApp/QuizApp.entitlements;
				CODE_SIGN_STYLE = Automatic;
				CURRENT_PROJECT_VERSION = 1;
				DEVELOPMENT_TEAM = T795P6HT53;
				GENERATE_INFOPLIST_FILE = YES;
				INFOPLIST_FILE = QuizApp/Info.plist;
				INFOPLIST_KEY_UIApplicationSupportsIndirectInputEvents = YES;
				INFOPLIST_KEY_UILaunchStoryboardName = LaunchScreen;
				INFOPLIST_KEY_UIMainStoryboardFile = Main;
				INFOPLIST_KEY_UISupportedInterfaceOrientations_iPad = "UIInterfaceOrientationPortrait UIInterfaceOrientationPortraitUpsideDown UIInterfaceOrientationLandscapeLeft UIInterfaceOrientationLandscapeRight";
				INFOPLIST_KEY_UISupportedInterfaceOrientations_iPhone = "UIInterfaceOrientationPortrait UIInterfaceOrientationLandscapeLeft UIInterfaceOrientationLandscapeRight";
				LD_RUNPATH_SEARCH_PATHS = (
					"$(inherited)",
					"@executable_path/Frameworks",
				);
				MARKETING_VERSION = 1.0;
				PRODUCT_BUNDLE_IDENTIFIER = demo.luong.QuizApp;
				PRODUCT_NAME = "$(TARGET_NAME)";
				SWIFT_EMIT_LOC_STRINGS = YES;
				SWIFT_VERSION = 5.0;
				TARGETED_DEVICE_FAMILY = "1,2";
			};
			name = Debug;
		};
		3F76B1C52987AD5D00E963F3 /* Release */ = {
			isa = XCBuildConfiguration;
			baseConfigurationReference = 1545E88396C63B9D12B13CE8 /* Pods-QuizApp.release.xcconfig */;
			buildSettings = {
				ASSETCATALOG_COMPILER_APPICON_NAME = AppIcon;
				ASSETCATALOG_COMPILER_GLOBAL_ACCENT_COLOR_NAME = AccentColor;
				CODE_SIGN_ENTITLEMENTS = QuizApp/QuizApp.entitlements;
				CODE_SIGN_STYLE = Automatic;
				CURRENT_PROJECT_VERSION = 1;
				DEVELOPMENT_TEAM = T795P6HT53;
				GENERATE_INFOPLIST_FILE = YES;
				INFOPLIST_FILE = QuizApp/Info.plist;
				INFOPLIST_KEY_UIApplicationSupportsIndirectInputEvents = YES;
				INFOPLIST_KEY_UILaunchStoryboardName = LaunchScreen;
				INFOPLIST_KEY_UIMainStoryboardFile = Main;
				INFOPLIST_KEY_UISupportedInterfaceOrientations_iPad = "UIInterfaceOrientationPortrait UIInterfaceOrientationPortraitUpsideDown UIInterfaceOrientationLandscapeLeft UIInterfaceOrientationLandscapeRight";
				INFOPLIST_KEY_UISupportedInterfaceOrientations_iPhone = "UIInterfaceOrientationPortrait UIInterfaceOrientationLandscapeLeft UIInterfaceOrientationLandscapeRight";
				LD_RUNPATH_SEARCH_PATHS = (
					"$(inherited)",
					"@executable_path/Frameworks",
				);
				MARKETING_VERSION = 1.0;
				PRODUCT_BUNDLE_IDENTIFIER = demo.luong.QuizApp;
				PRODUCT_NAME = "$(TARGET_NAME)";
				SWIFT_EMIT_LOC_STRINGS = YES;
				SWIFT_VERSION = 5.0;
				TARGETED_DEVICE_FAMILY = "1,2";
			};
			name = Release;
		};
/* End XCBuildConfiguration section */

/* Begin XCConfigurationList section */
		3F76B1AA2987AD5B00E963F3 /* Build configuration list for PBXProject "QuizApp" */ = {
			isa = XCConfigurationList;
			buildConfigurations = (
				3F76B1C12987AD5D00E963F3 /* Debug */,
				3F76B1C22987AD5D00E963F3 /* Release */,
			);
			defaultConfigurationIsVisible = 0;
			defaultConfigurationName = Release;
		};
		3F76B1C32987AD5D00E963F3 /* Build configuration list for PBXNativeTarget "QuizApp" */ = {
			isa = XCConfigurationList;
			buildConfigurations = (
				3F76B1C42987AD5D00E963F3 /* Debug */,
				3F76B1C52987AD5D00E963F3 /* Release */,
			);
			defaultConfigurationIsVisible = 0;
			defaultConfigurationName = Release;
		};
/* End XCConfigurationList section */

/* Begin XCRemoteSwiftPackageReference section */
		3F5B2956299E15AD0000A996 /* XCRemoteSwiftPackageReference "facebook-ios-sdk" */ = {
			isa = XCRemoteSwiftPackageReference;
			repositoryURL = "https://github.com/facebook/facebook-ios-sdk";
			requirement = {
				kind = upToNextMajorVersion;
				minimumVersion = 9.0.0;
			};
		};
/* End XCRemoteSwiftPackageReference section */

/* Begin XCSwiftPackageProductDependency section */
		3F5B2957299E15AD0000A996 /* FacebookCore */ = {
			isa = XCSwiftPackageProductDependency;
			package = 3F5B2956299E15AD0000A996 /* XCRemoteSwiftPackageReference "facebook-ios-sdk" */;
			productName = FacebookCore;
		};
		3F5B2959299E15AD0000A996 /* FacebookGamingServices */ = {
			isa = XCSwiftPackageProductDependency;
			package = 3F5B2956299E15AD0000A996 /* XCRemoteSwiftPackageReference "facebook-ios-sdk" */;
			productName = FacebookGamingServices;
		};
		3F5B295B299E15AD0000A996 /* FacebookLogin */ = {
			isa = XCSwiftPackageProductDependency;
			package = 3F5B2956299E15AD0000A996 /* XCRemoteSwiftPackageReference "facebook-ios-sdk" */;
			productName = FacebookLogin;
		};
		3F5B295D299E15AD0000A996 /* FacebookShare */ = {
			isa = XCSwiftPackageProductDependency;
			package = 3F5B2956299E15AD0000A996 /* XCRemoteSwiftPackageReference "facebook-ios-sdk" */;
			productName = FacebookShare;
		};
/* End XCSwiftPackageProductDependency section */
	};
	rootObject = 3F76B1A72987AD5B00E963F3 /* Project object */;
}
